// !$*UTF8*$!
{
	archiveVersion = 1;
	classes = {
	};
	objectVersion = 50;
	objects = {

/* Begin PBXBuildFile section */
		9A44809F22BE900E002F5377 /* MainTableView.swift in Sources */ = {isa = PBXBuildFile; fileRef = 9A44809E22BE900E002F5377 /* MainTableView.swift */; };
		9AA19CB022BB1B5C0042369A /* AppDelegate.swift in Sources */ = {isa = PBXBuildFile; fileRef = 9AA19CAF22BB1B5C0042369A /* AppDelegate.swift */; };
		9AA19CB522BB1B5D0042369A /* Main.storyboard in Resources */ = {isa = PBXBuildFile; fileRef = 9AA19CB322BB1B5D0042369A /* Main.storyboard */; };
		9AA19CB722BB1B5E0042369A /* Assets.xcassets in Resources */ = {isa = PBXBuildFile; fileRef = 9AA19CB622BB1B5E0042369A /* Assets.xcassets */; };
		9AA19CBA22BB1B5E0042369A /* LaunchScreen.storyboard in Resources */ = {isa = PBXBuildFile; fileRef = 9AA19CB822BB1B5E0042369A /* LaunchScreen.storyboard */; };
		9AA19CC222BB1E7E0042369A /* MainTableViewController.swift in Sources */ = {isa = PBXBuildFile; fileRef = 9AA19CC122BB1E7E0042369A /* MainTableViewController.swift */; };
		9AA19CC622BB23C30042369A /* PageViewController.swift in Sources */ = {isa = PBXBuildFile; fileRef = 9AA19CC522BB23C30042369A /* PageViewController.swift */; };
		9AA19CC822BB29B60042369A /* NestedTableViewController.swift in Sources */ = {isa = PBXBuildFile; fileRef = 9AA19CC722BB29B60042369A /* NestedTableViewController.swift */; };
/* End PBXBuildFile section */

/* Begin PBXFileReference section */
		9A44809E22BE900E002F5377 /* MainTableView.swift */ = {isa = PBXFileReference; lastKnownFileType = sourcecode.swift; path = MainTableView.swift; sourceTree = "<group>"; };
		9AA19CAC22BB1B5C0042369A /* NestedTableViewDemo.app */ = {isa = PBXFileReference; explicitFileType = wrapper.application; includeInIndex = 0; path = NestedTableViewDemo.app; sourceTree = BUILT_PRODUCTS_DIR; };
		9AA19CAF22BB1B5C0042369A /* AppDelegate.swift */ = {isa = PBXFileReference; lastKnownFileType = sourcecode.swift; path = AppDelegate.swift; sourceTree = "<group>"; };
		9AA19CB422BB1B5D0042369A /* Base */ = {isa = PBXFileReference; lastKnownFileType = file.storyboard; name = Base; path = Base.lproj/Main.storyboard; sourceTree = "<group>"; };
		9AA19CB622BB1B5E0042369A /* Assets.xcassets */ = {isa = PBXFileReference; lastKnownFileType = folder.assetcatalog; path = Assets.xcassets; sourceTree = "<group>"; };
		9AA19CB922BB1B5E0042369A /* Base */ = {isa = PBXFileReference; lastKnownFileType = file.storyboard; name = Base; path = Base.lproj/LaunchScreen.storyboard; sourceTree = "<group>"; };
		9AA19CBB22BB1B5E0042369A /* Info.plist */ = {isa = PBXFileReference; lastKnownFileType = text.plist.xml; path = Info.plist; sourceTree = "<group>"; };
		9AA19CC122BB1E7E0042369A /* MainTableViewController.swift */ = {isa = PBXFileReference; lastKnownFileType = sourcecode.swift; path = MainTableViewController.swift; sourceTree = "<group>"; };
		9AA19CC522BB23C30042369A /* PageViewController.swift */ = {isa = PBXFileReference; lastKnownFileType = sourcecode.swift; path = PageViewController.swift; sourceTree = "<group>"; };
		9AA19CC722BB29B60042369A /* NestedTableViewController.swift */ = {isa = PBXFileReference; lastKnownFileType = sourcecode.swift; path = NestedTableViewController.swift; sourceTree = "<group>"; };
/* End PBXFileReference section */

/* Begin PBXFrameworksBuildPhase section */
		9AA19CA922BB1B5C0042369A /* Frameworks */ = {
			isa = PBXFrameworksBuildPhase;
			buildActionMask = 2147483647;
			files = (
			);
			runOnlyForDeploymentPostprocessing = 0;
		};
/* End PBXFrameworksBuildPhase section */

/* Begin PBXGroup section */
		9AA19CA322BB1B5C0042369A = {
			isa = PBXGroup;
			children = (
				9AA19CAE22BB1B5C0042369A /* NestedTableViewDemo */,
				9AA19CAD22BB1B5C0042369A /* Products */,
			);
			sourceTree = "<group>";
		};
		9AA19CAD22BB1B5C0042369A /* Products */ = {
			isa = PBXGroup;
			children = (
				9AA19CAC22BB1B5C0042369A /* NestedTableViewDemo.app */,
			);
			name = Products;
			sourceTree = "<group>";
		};
		9AA19CAE22BB1B5C0042369A /* NestedTableViewDemo */ = {
			isa = PBXGroup;
			children = (
				9AA19CAF22BB1B5C0042369A /* AppDelegate.swift */,
				9AA19CC122BB1E7E0042369A /* MainTableViewController.swift */,
				9A44809E22BE900E002F5377 /* MainTableView.swift */,
				9AA19CC522BB23C30042369A /* PageViewController.swift */,
				9AA19CC722BB29B60042369A /* NestedTableViewController.swift */,
				9AA19CB322BB1B5D0042369A /* Main.storyboard */,
				9AA19CB622BB1B5E0042369A /* Assets.xcassets */,
				9AA19CB822BB1B5E0042369A /* LaunchScreen.storyboard */,
				9AA19CBB22BB1B5E0042369A /* Info.plist */,
			);
			path = NestedTableViewDemo;
			sourceTree = "<group>";
		};
/* End PBXGroup section */

/* Begin PBXNativeTarget section */
		9AA19CAB22BB1B5C0042369A /* NestedTableViewDemo */ = {
			isa = PBXNativeTarget;
			buildConfigurationList = 9AA19CBE22BB1B5E0042369A /* Build configuration list for PBXNativeTarget "NestedTableViewDemo" */;
			buildPhases = (
				9AA19CA822BB1B5C0042369A /* Sources */,
				9AA19CA922BB1B5C0042369A /* Frameworks */,
				9AA19CAA22BB1B5C0042369A /* Resources */,
			);
			buildRules = (
			);
			dependencies = (
			);
			name = NestedTableViewDemo;
			productName = TableViewDemo;
			productReference = 9AA19CAC22BB1B5C0042369A /* NestedTableViewDemo.app */;
			productType = "com.apple.product-type.application";
		};
/* End PBXNativeTarget section */

/* Begin PBXProject section */
		9AA19CA422BB1B5C0042369A /* Project object */ = {
			isa = PBXProject;
			attributes = {
				LastSwiftUpdateCheck = 1020;
				LastUpgradeCheck = 1020;
				ORGANIZATIONNAME = leiguang;
				TargetAttributes = {
					9AA19CAB22BB1B5C0042369A = {
						CreatedOnToolsVersion = 10.2.1;
					};
				};
			};
			buildConfigurationList = 9AA19CA722BB1B5C0042369A /* Build configuration list for PBXProject "NestedTableViewDemo" */;
			compatibilityVersion = "Xcode 9.3";
			developmentRegion = en;
			hasScannedForEncodings = 0;
			knownRegions = (
				en,
				Base,
			);
			mainGroup = 9AA19CA322BB1B5C0042369A;
			productRefGroup = 9AA19CAD22BB1B5C0042369A /* Products */;
			projectDirPath = "";
			projectRoot = "";
			targets = (
				9AA19CAB22BB1B5C0042369A /* NestedTableViewDemo */,
			);
		};
/* End PBXProject section */

/* Begin PBXResourcesBuildPhase section */
		9AA19CAA22BB1B5C0042369A /* Resources */ = {
			isa = PBXResourcesBuildPhase;
			buildActionMask = 2147483647;
			files = (
				9AA19CBA22BB1B5E0042369A /* LaunchScreen.storyboard in Resources */,
				9AA19CB722BB1B5E0042369A /* Assets.xcassets in Resources */,
				9AA19CB522BB1B5D0042369A /* Main.storyboard in Resources */,
			);
			runOnlyForDeploymentPostprocessing = 0;
		};
/* End PBXResourcesBuildPhase section */

/* Begin PBXSourcesBuildPhase section */
		9AA19CA822BB1B5C0042369A /* Sources */ = {
			isa = PBXSourcesBuildPhase;
			buildActionMask = 2147483647;
			files = (
				9AA19CB022BB1B5C0042369A /* AppDelegate.swift in Sources */,
				9A44809F22BE900E002F5377 /* MainTableView.swift in Sources */,
				9AA19CC822BB29B60042369A /* NestedTableViewController.swift in Sources */,
				9AA19CC222BB1E7E0042369A /* MainTableViewController.swift in Sources */,
				9AA19CC622BB23C30042369A /* PageViewController.swift in Sources */,
			);
			runOnlyForDeploymentPostprocessing = 0;
		};
/* End PBXSourcesBuildPhase section */

/* Begin PBXVariantGroup section */
		9AA19CB322BB1B5D0042369A /* Main.storyboard */ = {
			isa = PBXVariantGroup;
			children = (
				9AA19CB422BB1B5D0042369A /* Base */,
			);
			name = Main.storyboard;
			sourceTree = "<group>";
		};
		9AA19CB822BB1B5E0042369A /* LaunchScreen.storyboard */ = {
			isa = PBXVariantGroup;
			children = (
				9AA19CB922BB1B5E0042369A /* Base */,
			);
			name = LaunchScreen.storyboard;
			sourceTree = "<group>";
		};
/* End PBXVariantGroup section */

/* Begin XCBuildConfiguration section */
		9AA19CBC22BB1B5E0042369A /* Debug */ = {
			isa = XCBuildConfiguration;
			buildSettings = {
				ALWAYS_SEARCH_USER_PATHS = NO;
				CLANG_ANALYZER_NONNULL = YES;
				CLANG_ANALYZER_NUMBER_OBJECT_CONVERSION = YES_AGGRESSIVE;
				CLANG_CXX_LANGUAGE_STANDARD = "gnu++14";
				CLANG_CXX_LIBRARY = "libc++";
				CLANG_ENABLE_MODULES = YES;
				CLANG_ENABLE_OBJC_ARC = YES;
				CLANG_ENABLE_OBJC_WEAK = YES;
				CLANG_WARN_BLOCK_CAPTURE_AUTORELEASING = YES;
				CLANG_WARN_BOOL_CONVERSION = YES;
				CLANG_WARN_COMMA = YES;
				CLANG_WARN_CONSTANT_CONVERSION = YES;
				CLANG_WARN_DEPRECATED_OBJC_IMPLEMENTATIONS = YES;
				CLANG_WARN_DIRECT_OBJC_ISA_USAGE = YES_ERROR;
				CLANG_WARN_DOCUMENTATION_COMMENTS = YES;
				CLANG_WARN_EMPTY_BODY = YES;
				CLANG_WARN_ENUM_CONVERSION = YES;
				CLANG_WARN_INFINITE_RECURSION = YES;
				CLANG_WARN_INT_CONVERSION = YES;
				CLANG_WARN_NON_LITERAL_NULL_CONVERSION = YES;
				CLANG_WARN_OBJC_IMPLICIT_RETAIN_SELF = YES;
				CLANG_WARN_OBJC_LITERAL_CONVERSION = YES;
				CLANG_WARN_OBJC_ROOT_CLASS = YES_ERROR;
				CLANG_WARN_RANGE_LOOP_ANALYSIS = YES;
				CLANG_WARN_STRICT_PROTOTYPES = YES;
				CLANG_WARN_SUSPICIOUS_MOVE = YES;
				CLANG_WARN_UNGUARDED_AVAILABILITY = YES_AGGRESSIVE;
				CLANG_WARN_UNREACHABLE_CODE = YES;
				CLANG_WARN__DUPLICATE_METHOD_MATCH = YES;
				CODE_SIGN_IDENTITY = "iPhone Developer";
				COPY_PHASE_STRIP = NO;
				DEBUG_INFORMATION_FORMAT = dwarf;
				ENABLE_STRICT_OBJC_MSGSEND = YES;
				ENABLE_TESTABILITY = YES;
				GCC_C_LANGUAGE_STANDARD = gnu11;
				GCC_DYNAMIC_NO_PIC = NO;
				GCC_NO_COMMON_BLOCKS = YES;
				GCC_OPTIMIZATION_LEVEL = 0;
				GCC_PREPROCESSOR_DEFINITIONS = (
					"DEBUG=1",
					"$(inherited)",
				);
				GCC_WARN_64_TO_32_BIT_CONVERSION = YES;
				GCC_WARN_ABOUT_RETURN_TYPE = YES_ERROR;
				GCC_WARN_UNDECLARED_SELECTOR = YES;
				GCC_WARN_UNINITIALIZED_AUTOS = YES_AGGRESSIVE;
				GCC_WARN_UNUSED_FUNCTION = YES;
				GCC_WARN_UNUSED_VARIABLE = YES;
				IPHONEOS_DEPLOYMENT_TARGET = 12.2;
				MTL_ENABLE_DEBUG_INFO = INCLUDE_SOURCE;
				MTL_FAST_MATH = YES;
				ONLY_ACTIVE_ARCH = YES;
				SDKROOT = iphoneos;
				SWIFT_ACTIVE_COMPILATION_CONDITIONS = DEBUG;
				SWIFT_OPTIMIZATION_LEVEL = "-Onone";
			};
			name = Debug;
		};
		9AA19CBD22BB1B5E0042369A /* Release */ = {
			isa = XCBuildConfiguration;
			buildSettings = {
				ALWAYS_SEARCH_USER_PATHS = NO;
				CLANG_ANALYZER_NONNULL = YES;
				CLANG_ANALYZER_NUMBER_OBJECT_CONVERSION = YES_AGGRESSIVE;
				CLANG_CXX_LANGUAGE_STANDARD = "gnu++14";
				CLANG_CXX_LIBRARY = "libc++";
				CLANG_ENABLE_MODULES = YES;
				CLANG_ENABLE_OBJC_ARC = YES;
				CLANG_ENABLE_OBJC_WEAK = YES;
				CLANG_WARN_BLOCK_CAPTURE_AUTORELEASING = YES;
				CLANG_WARN_BOOL_CONVERSION = YES;
				CLANG_WARN_COMMA = YES;
				CLANG_WARN_CONSTANT_CONVERSION = YES;
				CLANG_WARN_DEPRECATED_OBJC_IMPLEMENTATIONS = YES;
				CLANG_WARN_DIRECT_OBJC_ISA_USAGE = YES_ERROR;
				CLANG_WARN_DOCUMENTATION_COMMENTS = YES;
				CLANG_WARN_EMPTY_BODY = YES;
				CLANG_WARN_ENUM_CONVERSION = YES;
				CLANG_WARN_INFINITE_RECURSION = YES;
				CLANG_WARN_INT_CONVERSION = YES;
				CLANG_WARN_NON_LITERAL_NULL_CONVERSION = YES;
				CLANG_WARN_OBJC_IMPLICIT_RETAIN_SELF = YES;
				CLANG_WARN_OBJC_LITERAL_CONVERSION = YES;
				CLANG_WARN_OBJC_ROOT_CLASS = YES_ERROR;
				CLANG_WARN_RANGE_LOOP_ANALYSIS = YES;
				CLANG_WARN_STRICT_PROTOTYPES = YES;
				CLANG_WARN_SUSPICIOUS_MOVE = YES;
				CLANG_WARN_UNGUARDED_AVAILABILITY = YES_AGGRESSIVE;
				CLANG_WARN_UNREACHABLE_CODE = YES;
				CLANG_WARN__DUPLICATE_METHOD_MATCH = YES;
				CODE_SIGN_IDENTITY = "iPhone Developer";
				COPY_PHASE_STRIP = NO;
				DEBUG_INFORMATION_FORMAT = "dwarf-with-dsym";
				ENABLE_NS_ASSERTIONS = NO;
				ENABLE_STRICT_OBJC_MSGSEND = YES;
				GCC_C_LANGUAGE_STANDARD = gnu11;
				GCC_NO_COMMON_BLOCKS = YES;
				GCC_WARN_64_TO_32_BIT_CONVERSION = YES;
				GCC_WARN_ABOUT_RETURN_TYPE = YES_ERROR;
				GCC_WARN_UNDECLARED_SELECTOR = YES;
				GCC_WARN_UNINITIALIZED_AUTOS = YES_AGGRESSIVE;
				GCC_WARN_UNUSED_FUNCTION = YES;
				GCC_WARN_UNUSED_VARIABLE = YES;
				IPHONEOS_DEPLOYMENT_TARGET = 12.2;
				MTL_ENABLE_DEBUG_INFO = NO;
				MTL_FAST_MATH = YES;
				SDKROOT = iphoneos;
				SWIFT_COMPILATION_MODE = wholemodule;
				SWIFT_OPTIMIZATION_LEVEL = "-O";
				VALIDATE_PRODUCT = YES;
			};
			name = Release;
		};
		9AA19CBF22BB1B5E0042369A /* Debug */ = {
			isa = XCBuildConfiguration;
			buildSettings = {
				ASSETCATALOG_COMPILER_APPICON_NAME = AppIcon;
				CODE_SIGN_STYLE = Automatic;
				INFOPLIST_FILE = NestedTableViewDemo/Info.plist;
				LD_RUNPATH_SEARCH_PATHS = (
					"$(inherited)",
					"@executable_path/Frameworks",
				);
				PRODUCT_BUNDLE_IDENTIFIER = com.leiguang.NestedTableViewDemo;
				PRODUCT_NAME = "$(TARGET_NAME)";
				SWIFT_VERSION = 5.0;
				TARGETED_DEVICE_FAMILY = "1,2";
			};
			name = Debug;
		};
		9AA19CC022BB1B5E0042369A /* Release */ = {
			isa = XCBuildConfiguration;
			buildSettings = {
				ASSETCATALOG_COMPILER_APPICON_NAME = AppIcon;
				CODE_SIGN_STYLE = Automatic;
				INFOPLIST_FILE = NestedTableViewDemo/Info.plist;
				LD_RUNPATH_SEARCH_PATHS = (
					"$(inherited)",
					"@executable_path/Frameworks",
				);
				PRODUCT_BUNDLE_IDENTIFIER = com.leiguang.NestedTableViewDemo;
				PRODUCT_NAME = "$(TARGET_NAME)";
				SWIFT_VERSION = 5.0;
				TARGETED_DEVICE_FAMILY = "1,2";
			};
			name = Release;
		};
/* End XCBuildConfiguration section */

/* Begin XCConfigurationList section */
		9AA19CA722BB1B5C0042369A /* Build configuration list for PBXProject "NestedTableViewDemo" */ = {
			isa = XCConfigurationList;
			buildConfigurations = (
				9AA19CBC22BB1B5E0042369A /* Debug */,
				9AA19CBD22BB1B5E0042369A /* Release */,
			);
			defaultConfigurationIsVisible = 0;
			defaultConfigurationName = Release;
		};
		9AA19CBE22BB1B5E0042369A /* Build configuration list for PBXNativeTarget "NestedTableViewDemo" */ = {
			isa = XCConfigurationList;
			buildConfigurations = (
				9AA19CBF22BB1B5E0042369A /* Debug */,
				9AA19CC022BB1B5E0042369A /* Release */,
			);
			defaultConfigurationIsVisible = 0;
			defaultConfigurationName = Release;
		};
/* End XCConfigurationList section */
	};
	rootObject = 9AA19CA422BB1B5C0042369A /* Project object */;
}
